{
  "name": "sendit-indexer",
  "version": "0.1.0",
  "lockfileVersion": 3,
  "requires": true,
  "packages": {
    "": {
      "name": "sendit-indexer",
      "version": "0.1.0",
      "dependencies": {
        "envio": "2.21.5"
      }
    },
    "node_modules/@adraffy/ens-normalize": {
      "version": "1.10.0",
      "resolved": "https://registry.npmjs.org/@adraffy/ens-normalize/-/ens-normalize-1.10.0.tgz",
      "integrity": "sha512-nA9XHtlAkYfJxY7bce8DcN7eKxWWCWkU+1GR9d+U6MbNpfwQp8TI7vqOsBsMcHoT4mBu2kypKoSKnghEzOOq5Q==",
      "license": "MIT"
    },
    "node_modules/@envio-dev/hypersync-client": {
      "version": "0.6.5",
      "resolved": "https://registry.npmjs.org/@envio-dev/hypersync-client/-/hypersync-client-0.6.5.tgz",
      "integrity": "sha512-mii+ponVo5ZmVOlEtJxyugGHuIuzYp5bVfr88mCuRwcWZIkNrWfad/aAW6H7YNe63E0gq0ePtRDrkLzlpAUuGQ==",
      "license": "MIT",
      "engines": {
        "node": ">= 10"
      },
      "optionalDependencies": {
        "@envio-dev/hypersync-client-darwin-arm64": "0.6.5",
        "@envio-dev/hypersync-client-darwin-x64": "0.6.5",
        "@envio-dev/hypersync-client-linux-arm64-gnu": "0.6.5",
        "@envio-dev/hypersync-client-linux-x64-gnu": "0.6.5",
        "@envio-dev/hypersync-client-linux-x64-musl": "0.6.5",
        "@envio-dev/hypersync-client-win32-x64-msvc": "0.6.5"
      }
    },
    "node_modules/@envio-dev/hypersync-client-darwin-arm64": {
      "version": "0.6.5",
      "resolved": "https://registry.npmjs.org/@envio-dev/hypersync-client-darwin-arm64/-/hypersync-client-darwin-arm64-0.6.5.tgz",
      "integrity": "sha512-BjFmDFd+7QKuEkjlvwQjKy9b+ZWidkZHyKPjKSDg6u3KJe+fr+uY3rsW9TXNscUxJvl8YxJ2mZl0svOH7ukTyQ==",
      "cpu": [
        "arm64"
      ],
      "license": "MIT",
      "optional": true,
      "os": [
        "darwin"
      ],
      "engines": {
        "node": ">= 10"
      }
    },
    "node_modules/@envio-dev/hypersync-client-darwin-x64": {
      "version": "0.6.5",
      "resolved": "https://registry.npmjs.org/@envio-dev/hypersync-client-darwin-x64/-/hypersync-client-darwin-x64-0.6.5.tgz",
      "integrity": "sha512-XT1l6bfsXgZqxh8BZbPoP/3Zk0Xvwzr/ZKVmzXR5ZhPxDgEVUJMg4Rd1oy8trd1K+uevqOr2DbuIGvM7k2hb8A==",
      "cpu": [
        "x64"
      ],
      "license": "MIT",
      "optional": true,
      "os": [
        "darwin"
      ],
      "engines": {
        "node": ">= 10"
      }
    },
    "node_modules/@envio-dev/hypersync-client-linux-arm64-gnu": {
      "version": "0.6.5",
      "resolved": "https://registry.npmjs.org/@envio-dev/hypersync-client-linux-arm64-gnu/-/hypersync-client-linux-arm64-gnu-0.6.5.tgz",
      "integrity": "sha512-MPTXagjE8/XQhNiZokIJWYqDcizf++TKOjbfYgCzlS6jzwgmeZs6WYcdYFC3FSaJyc9GX4diJ4GKOgbpR4XWtw==",
      "cpu": [
        "arm64"
      ],
      "license": "MIT",
      "optional": true,
      "os": [
        "linux"
      ],
      "engines": {
        "node": ">= 10"
      }
    },
    "node_modules/@envio-dev/hypersync-client-linux-x64-gnu": {
      "version": "0.6.5",
      "resolved": "https://registry.npmjs.org/@envio-dev/hypersync-client-linux-x64-gnu/-/hypersync-client-linux-x64-gnu-0.6.5.tgz",
      "integrity": "sha512-DUDY19T2O+ciniP8RHWEv6ziaCdVkkVVLhfXiovpLy+oR1K/+h7osUHD1HCPolibaU3V2EDpqTDhKBtvPXUGaQ==",
      "cpu": [
        "x64"
      ],
      "license": "MIT",
      "optional": true,
      "os": [
        "linux"
      ],
      "engines": {
        "node": ">= 10"
      }
    },
    "node_modules/@envio-dev/hypersync-client-linux-x64-musl": {
      "version": "0.6.5",
      "resolved": "https://registry.npmjs.org/@envio-dev/hypersync-client-linux-x64-musl/-/hypersync-client-linux-x64-musl-0.6.5.tgz",
      "integrity": "sha512-VolsHvPrk5PAdHN0ht1iowwXz7bwJO0L5qDuw3eSKF4qHuAzlwImB1CRhJrMIaE8McsDnN6fSlqDeTPRmzS/Ug==",
      "cpu": [
        "x64"
      ],
      "license": "MIT",
      "optional": true,
      "os": [
        "linux"
      ],
      "engines": {
        "node": ">= 10"
      }
    },
    "node_modules/@envio-dev/hypersync-client-win32-x64-msvc": {
      "version": "0.6.5",
      "resolved": "https://registry.npmjs.org/@envio-dev/hypersync-client-win32-x64-msvc/-/hypersync-client-win32-x64-msvc-0.6.5.tgz",
      "integrity": "sha512-D+bkkWbCsbgaTrhyVdXHysKUCVzFpkWoxmaHnm2anad7+yKKfx15afYirtZMTKc7CLkYqganghN4QsBsEHl3Iw==",
      "cpu": [
        "x64"
      ],
      "license": "MIT",
      "optional": true,
      "os": [
        "win32"
      ],
      "engines": {
        "node": ">= 10"
      }
    },
    "node_modules/@noble/curves": {
      "version": "1.4.0",
      "resolved": "https://registry.npmjs.org/@noble/curves/-/curves-1.4.0.tgz",
      "integrity": "sha512-p+4cb332SFCrReJkCYe8Xzm0OWi4Jji5jVdIZRL/PmacmDkFNw6MrrV+gGpiPxLHbV+zKFRywUWbaseT+tZRXg==",
      "license": "MIT",
      "dependencies": {
        "@noble/hashes": "1.4.0"
      },
      "funding": {
        "url": "https://paulmillr.com/funding/"
      }
    },
    "node_modules/@noble/hashes": {
      "version": "1.4.0",
      "resolved": "https://registry.npmjs.org/@noble/hashes/-/hashes-1.4.0.tgz",
      "integrity": "sha512-V1JJ1WTRUqHHrOSh597hURcMqVKVGL/ea3kv0gSnEdsEZ0/+VyPghM1lMNGc00z7CIQorSvbKpuJkxvuHbvdbg==",
      "license": "MIT",
      "engines": {
        "node": ">= 16"
      },
      "funding": {
        "url": "https://paulmillr.com/funding/"
      }
    },
    "node_modules/@scure/base": {
      "version": "1.1.9",
      "resolved": "https://registry.npmjs.org/@scure/base/-/base-1.1.9.tgz",
      "integrity": "sha512-8YKhl8GHiNI/pU2VMaofa2Tor7PJRAjwQLBBuilkJ9L5+13yVbC7JO/wS7piioAvPSwR3JKM1IJ/u4xQzbcXKg==",
      "license": "MIT",
      "funding": {
        "url": "https://paulmillr.com/funding/"
      }
    },
    "node_modules/@scure/bip32": {
      "version": "1.4.0",
      "resolved": "https://registry.npmjs.org/@scure/bip32/-/bip32-1.4.0.tgz",
      "integrity": "sha512-sVUpc0Vq3tXCkDGYVWGIZTRfnvu8LoTDaev7vbwh0omSvVORONr960MQWdKqJDCReIEmTj3PAr73O3aoxz7OPg==",
      "license": "MIT",
      "dependencies": {
        "@noble/curves": "~1.4.0",
        "@noble/hashes": "~1.4.0",
        "@scure/base": "~1.1.6"
      },
      "funding": {
        "url": "https://paulmillr.com/funding/"
      }
    },
    "node_modules/@scure/bip39": {
      "version": "1.3.0",
      "resolved": "https://registry.npmjs.org/@scure/bip39/-/bip39-1.3.0.tgz",
      "integrity": "sha512-disdg7gHuTDZtY+ZdkmLpPCk7fxZSu3gBiEGuoC1XYxv9cGx3Z6cpTggCgW6odSOOIXCiDjuGejW+aJKCY/pIQ==",
      "license": "MIT",
      "dependencies": {
        "@noble/hashes": "~1.4.0",
        "@scure/base": "~1.1.6"
      },
      "funding": {
        "url": "https://paulmillr.com/funding/"
      }
    },
    "node_modules/abitype": {
      "version": "1.0.5",
      "resolved": "https://registry.npmjs.org/abitype/-/abitype-1.0.5.tgz",
      "integrity": "sha512-YzDhti7cjlfaBhHutMaboYB21Ha3rXR9QTkNJFzYC4kC8YclaiwPBBBJY8ejFdu2wnJeZCVZSMlQJ7fi8S6hsw==",
      "license": "MIT",
      "funding": {
        "url": "https://github.com/sponsors/wevm"
      },
      "peerDependencies": {
        "typescript": ">=5.0.4",
        "zod": "^3 >=3.22.0"
      },
      "peerDependenciesMeta": {
        "typescript": {
          "optional": true
        },
        "zod": {
          "optional": true
        }
      }
    },
    "node_modules/envio": {
      "version": "2.21.5",
      "resolved": "https://registry.npmjs.org/envio/-/envio-2.21.5.tgz",
      "integrity": "sha512-tYKRvvYwEIdmvj1IWwU9WKa9j8OnAQ5qYIareCg6MSW8wa29oGYHPpTD+JO0ArGS0e9uBqVUnMrQEKiO641y/w==",
      "license": "GPL-3.0",
      "dependencies": {
        "@envio-dev/hypersync-client": "0.6.5",
        "rescript": "11.1.3",
        "rescript-schema": "9.3.0",
        "viem": "2.21.0"
      },
      "bin": {
        "envio": "bin.js"
      },
      "optionalDependencies": {
        "envio-darwin-arm64": "v2.21.5",
        "envio-darwin-x64": "v2.21.5",
        "envio-linux-arm64": "v2.21.5",
        "envio-linux-x64": "v2.21.5"
      }
    },
    "node_modules/envio-darwin-arm64": {
      "version": "2.21.5",
      "resolved": "https://registry.npmjs.org/envio-darwin-arm64/-/envio-darwin-arm64-2.21.5.tgz",
      "integrity": "sha512-YiP6M0AVIeP9oycry2HD9DllIEuue3XfXMWuFdekC7Yi5hJ+MTI8uVFk7OlFlu/JO7P3MximqQY+DjmFTup6fg==",
      "cpu": [
        "arm64"
      ],
      "license": "GPL-3.0",
      "optional": true,
      "os": [
        "darwin"
      ]
    },
    "node_modules/envio-darwin-x64": {
      "version": "2.21.5",
      "resolved": "https://registry.npmjs.org/envio-darwin-x64/-/envio-darwin-x64-2.21.5.tgz",
      "integrity": "sha512-Ue67veQWWRdKsfaWuGG0VULkvytB1PMz3m914jxq7nGDgv4WGFnry9mvezoCLu3bVlvZf+WQK6lVqiqyXsvU0w==",
      "cpu": [
        "x64"
      ],
      "license": "GPL-3.0",
      "optional": true,
      "os": [
        "darwin"
      ]
    },
    "node_modules/envio-linux-arm64": {
      "version": "2.21.5",
      "resolved": "https://registry.npmjs.org/envio-linux-arm64/-/envio-linux-arm64-2.21.5.tgz",
      "integrity": "sha512-qoAj6XlA/fbivIlSYfM56z9A3KblMBQnK6x13GW5soFIC+bPoB3Z+KlAr5Z2o8JEwGkuFw+i+RResX1tAWAvnQ==",
      "cpu": [
        "arm64"
      ],
      "license": "GPL-3.0",
      "optional": true,
      "os": [
        "linux"
      ]
    },
    "node_modules/envio-linux-x64": {
      "version": "2.21.5",
      "resolved": "https://registry.npmjs.org/envio-linux-x64/-/envio-linux-x64-2.21.5.tgz",
      "integrity": "sha512-k0UWu7jXJLOuBcbZvhutgLd4jqzhdDf9ZU5S3YDIpSKy4y0huNV/pDxkkPf1TohVv60uE9Venau+r8rg4BOL+g==",
      "cpu": [
        "x64"
      ],
      "license": "GPL-3.0",
      "optional": true,
      "os": [
        "linux"
      ]
    },
    "node_modules/isows": {
      "version": "1.0.4",
      "resolved": "https://registry.npmjs.org/isows/-/isows-1.0.4.tgz",
      "integrity": "sha512-hEzjY+x9u9hPmBom9IIAqdJCwNLax+xrPb51vEPpERoFlIxgmZcHzsT5jKG06nvInKOBGvReAVz80Umed5CczQ==",
      "funding": [
        {
          "type": "github",
          "url": "https://github.com/sponsors/wagmi-dev"
        }
      ],
      "license": "MIT",
      "peerDependencies": {
        "ws": "*"
      }
    },
    "node_modules/rescript": {
      "version": "11.1.3",
      "resolved": "https://registry.npmjs.org/rescript/-/rescript-11.1.3.tgz",
      "integrity": "sha512-bI+yxDcwsv7qE34zLuXeO8Qkc2+1ng5ErlSjnUIZdrAWKoGzHXpJ6ZxiiRBUoYnoMsgRwhqvrugIFyNgWasmsw==",
      "hasInstallScript": true,
      "license": "SEE LICENSE IN LICENSE",
      "bin": {
        "bsc": "bsc",
        "bstracing": "lib/bstracing",
        "rescript": "rescript"
      },
      "engines": {
        "node": ">=10"
      }
    },
    "node_modules/rescript-schema": {
      "version": "9.3.0",
      "resolved": "https://registry.npmjs.org/rescript-schema/-/rescript-schema-9.3.0.tgz",
      "integrity": "sha512-NiHAjlhFKZCmNhx/Ij40YltCEJJgVNhBWTN/ZfagTg5hdWWuvCiUacxZv+Q/QQolrAhTnHnCrL7RDvZBogHl5A==",
      "license": "MIT",
      "peerDependencies": {
        "rescript": "11.x"
      },
      "peerDependenciesMeta": {
        "rescript": {
          "optional": true
        }
      }
    },
    "node_modules/viem": {
      "version": "2.21.0",
      "resolved": "https://registry.npmjs.org/viem/-/viem-2.21.0.tgz",
      "integrity": "sha512-9g3Gw2nOU6t4bNuoDI5vwVExzIxseU0J7Jjx10gA2RNQVrytIrLxggW++tWEe3w4mnnm/pS1WgZFjQ/QKf/nHw==",
      "funding": [
        {
          "type": "github",
          "url": "https://github.com/sponsors/wevm"
        }
      ],
      "license": "MIT",
      "dependencies": {
        "@adraffy/ens-normalize": "1.10.0",
        "@noble/curves": "1.4.0",
        "@noble/hashes": "1.4.0",
        "@scure/bip32": "1.4.0",
        "@scure/bip39": "1.3.0",
        "abitype": "1.0.5",
        "isows": "1.0.4",
        "webauthn-p256": "0.0.5",
        "ws": "8.17.1"
      },
      "peerDependencies": {
        "typescript": ">=5.0.4"
      },
      "peerDependenciesMeta": {
        "typescript": {
          "optional": true
        }
      }
    },
    "node_modules/webauthn-p256": {
      "version": "0.0.5",
      "resolved": "https://registry.npmjs.org/webauthn-p256/-/webauthn-p256-0.0.5.tgz",
      "integrity": "sha512-drMGNWKdaixZNobeORVIqq7k5DsRC9FnG201K2QjeOoQLmtSDaSsVZdkg6n5jUALJKcAG++zBPJXmv6hy0nWFg==",
      "funding": [
        {
          "type": "github",
          "url": "https://github.com/sponsors/wevm"
        }
      ],
      "license": "MIT",
      "dependencies": {
        "@noble/curves": "^1.4.0",
        "@noble/hashes": "^1.4.0"
      }
    },
    "node_modules/ws": {
      "version": "8.17.1",
      "resolved": "https://registry.npmjs.org/ws/-/ws-8.17.1.tgz",
      "integrity": "sha512-6XQFvXTkbfUOZOKKILFG1PDK2NDQs4azKQl26T0YS5CxqWLgXajbPZ+h4gZekJyRqFU8pvnbAbbs/3TgRPy+GQ==",
      "license": "MIT",
      "engines": {
        "node": ">=10.0.0"
      },
      "peerDependencies": {
        "bufferutil": "^4.0.1",
        "utf-8-validate": ">=5.0.2"
      },
      "peerDependenciesMeta": {
        "bufferutil": {
          "optional": true
        },
        "utf-8-validate": {
          "optional": true
        }
      }
    }
  }
}
